# THIS IS AN AUTOGENERATED FILE. DO NOT EDIT THIS FILE DIRECTLY.
# yarn lockfile v1


bredon-types@^3.0.0:
  version "3.0.0"
  resolved "https://registry.yarnpkg.com/bredon-types/-/bredon-types-3.0.0.tgz#1d49122f12df2c2868ba3065e27eede76b5af93e"

bredon@^3.0.1:
  version "3.0.1"
  resolved "https://registry.yarnpkg.com/bredon/-/bredon-3.0.1.tgz#42d101c8dd7c6fca42ff4106a54049ff935d6cac"
  dependencies:
    bredon-types "^3.0.0"
    tokenize-sync "^1.0.0"

tokenize-sync@^1.0.0:
  version "1.0.0"
  resolved "https://registry.yarnpkg.com/tokenize-sync/-/tokenize-sync-1.0.0.tgz#65b5b72bb208b013166e4d253e0b8b4990c70e83"
