{
  "lockfileVersion": 1,
  "dependencies": {
    "tokenize-sync": {
      "version": "1.0.0",
      "resolved": "https://registry.npmjs.org/tokenize-sync/-/tokenize-sync-1.0.0.tgz",
      "integrity": "sha512-gTvhPNP+AynrvTj4YZ3hhWimLMbij+CpIGhZae7B225hWA87wEukhp+zW1sZzJbBRI41V55qu6BjthSjvXkZPw=="
    }
  }
}
