# THIS IS AN AUTOGENERATED FILE. DO NOT EDIT THIS FILE DIRECTLY.
# yarn lockfile v1


bredon-types@^3.0.0:
  version "3.0.0"
  resolved "https://registry.yarnpkg.com/bredon-types/-/bredon-types-3.0.0.tgz#1d49122f12df2c2868ba3065e27eede76b5af93e"

bredon@^3.0.1:
  version "3.0.1"
  resolved "https://registry.yarnpkg.com/bredon/-/bredon-3.0.1.tgz#42d101c8dd7c6fca42ff4106a54049ff935d6cac"
  dependencies:
    bredon-types "^3.0.0"
    tokenize-sync "^1.0.0"

css-unit-converter@^1.1.1:
  version "1.1.1"
  resolved "https://registry.yarnpkg.com/css-unit-converter/-/css-unit-converter-1.1.1.tgz#d9b9281adcfd8ced935bdbaba83786897f64e996"

postcss-value-parser@^3.3.0:
  version "3.3.0"
  resolved "https://registry.yarnpkg.com/postcss-value-parser/-/postcss-value-parser-3.3.0.tgz#87f38f9f18f774a4ab4c8a232f5c5ce8872a9d15"

reduce-css-calc@^2.1.1:
  version "2.1.1"
  resolved "https://registry.yarnpkg.com/reduce-css-calc/-/reduce-css-calc-2.1.1.tgz#f4ecd7a00ec3e5683773f208067ad7da117b9db0"
  dependencies:
    css-unit-converter "^1.1.1"
    postcss-value-parser "^3.3.0"

tokenize-sync@^1.0.0:
  version "1.0.0"
  resolved "https://registry.yarnpkg.com/tokenize-sync/-/tokenize-sync-1.0.0.tgz#65b5b72bb208b013166e4d253e0b8b4990c70e83"
