# THIS IS AN AUTOGENERATED FILE. DO NOT EDIT THIS FILE DIRECTLY.
# yarn lockfile v1


bredon-types@^2.0.4:
  version "2.0.4"
  resolved "https://registry.yarnpkg.com/bredon-types/-/bredon-types-2.0.4.tgz#50a8aaae8a6c8c0092e630e28142861d9d9a88fb"

bredon@^2.0.2:
  version "2.0.2"
  resolved "https://registry.yarnpkg.com/bredon/-/bredon-2.0.2.tgz#3c96a7df9e43fffd543bb6af8f3a2a7b1353644f"
  dependencies:
    bredon-types "^2.0.4"
    tokenize-sync "^1.0.0"

tokenize-sync@^1.0.0:
  version "1.0.0"
  resolved "https://registry.yarnpkg.com/tokenize-sync/-/tokenize-sync-1.0.0.tgz#65b5b72bb208b013166e4d253e0b8b4990c70e83"
